
Microsoft Visual Studio Solution File, Format Version 12.00
# Visual Studio Version 17
VisualStudioVersion = 17.7.34031.279
MinimumVisualStudioVersion = 10.0.40219.1
Project("{FAE04EC0-301F-11D3-BF4B-00C04F79EFBC}") = "Task1_a", "Task1_a\Task1_a.csproj", "{9D293A3E-33DB-405F-9F3E-5A036CCB0D1D}"
EndProject
Global
	GlobalSection(SolutionConfigurationPlatforms) = preSolution
		Debug|Any CPU = Debug|Any CPU
		Release|Any CPU = Release|Any CPU
	EndGlobalSection
	GlobalSection(ProjectConfigurationPlatforms) = postSolution
		{9D293A3E-33DB-405F-9F3E-5A036CCB0D1D}.Debug|Any CPU.ActiveCfg = Debug|Any CPU
		{9D293A3E-33DB-405F-9F3E-5A036CCB0D1D}.Debug|Any CPU.Build.0 = Debug|Any CPU
		{9D293A3E-33DB-405F-9F3E-5A036CCB0D1D}.Release|Any CPU.ActiveCfg = Release|Any CPU
		{9D293A3E-33DB-405F-9F3E-5A036CCB0D1D}.Release|Any CPU.Build.0 = Release|Any CPU
	EndGlobalSection
	GlobalSection(SolutionProperties) = preSolution
		HideSolutionNode = FALSE
	EndGlobalSection
	GlobalSection(ExtensibilityGlobals) = postSolution
		SolutionGuid = {EED45869-F7C4-4547-A86C-E2E5F2BF1C64}
	EndGlobalSection
EndGlobal
