
Microsoft Visual Studio Solution File, Format Version 12.00
# Visual Studio Version 17
VisualStudioVersion = 17.7.34031.279
MinimumVisualStudioVersion = 10.0.40219.1
Project("{FAE04EC0-301F-11D3-BF4B-00C04F79EFBC}") = "Task1_b", "Task1_b\Task1_b.csproj", "{999C7205-7DB6-4F20-9190-0A6EC8189FA8}"
EndProject
Global
	GlobalSection(SolutionConfigurationPlatforms) = preSolution
		Debug|Any CPU = Debug|Any CPU
		Release|Any CPU = Release|Any CPU
	EndGlobalSection
	GlobalSection(ProjectConfigurationPlatforms) = postSolution
		{999C7205-7DB6-4F20-9190-0A6EC8189FA8}.Debug|Any CPU.ActiveCfg = Debug|Any CPU
		{999C7205-7DB6-4F20-9190-0A6EC8189FA8}.Debug|Any CPU.Build.0 = Debug|Any CPU
		{999C7205-7DB6-4F20-9190-0A6EC8189FA8}.Release|Any CPU.ActiveCfg = Release|Any CPU
		{999C7205-7DB6-4F20-9190-0A6EC8189FA8}.Release|Any CPU.Build.0 = Release|Any CPU
	EndGlobalSection
	GlobalSection(SolutionProperties) = preSolution
		HideSolutionNode = FALSE
	EndGlobalSection
	GlobalSection(ExtensibilityGlobals) = postSolution
		SolutionGuid = {4281F35F-E0D0-4E0E-BA17-163B2EBE27C1}
	EndGlobalSection
EndGlobal
